
Microsoft Visual Studio Solution File, Format Version 12.00
# Visual Studio Version 17
VisualStudioVersion = 17.0.31903.59
MinimumVisualStudioVersion = 10.0.40219.1
Project("{FAE04EC0-301F-11D3-BF4B-00C04F79EFBC}") = "XGBoostNetLib", "XGBoostNetLib\XGBoostNetLib.csproj", "{AA5EECC7-6100-4EA6-97F0-94A79BE68080}"
EndProject
Project("{FAE04EC0-301F-11D3-BF4B-00C04F79EFBC}") = "XGBoostNetLibDriver", "XGBoostNetLibDriver\XGBoostNetLibDriver.csproj", "{9A0770B5-5D7C-447C-94A5-7073FB01C3BE}"
EndProject
Global
	GlobalSection(SolutionConfigurationPlatforms) = preSolution
		Debug|Any CPU = Debug|Any CPU
		Release|Any CPU = Release|Any CPU
	EndGlobalSection
	GlobalSection(SolutionProperties) = preSolution
		HideSolutionNode = FALSE
	EndGlobalSection
	GlobalSection(ProjectConfigurationPlatforms) = postSolution
		{AA5EECC7-6100-4EA6-97F0-94A79BE68080}.Debug|Any CPU.ActiveCfg = Debug|Any CPU
		{AA5EECC7-6100-4EA6-97F0-94A79BE68080}.Debug|Any CPU.Build.0 = Debug|Any CPU
		{AA5EECC7-6100-4EA6-97F0-94A79BE68080}.Release|Any CPU.ActiveCfg = Release|Any CPU
		{AA5EECC7-6100-4EA6-97F0-94A79BE68080}.Release|Any CPU.Build.0 = Release|Any CPU
		{9A0770B5-5D7C-447C-94A5-7073FB01C3BE}.Debug|Any CPU.ActiveCfg = Debug|Any CPU
		{9A0770B5-5D7C-447C-94A5-7073FB01C3BE}.Debug|Any CPU.Build.0 = Debug|Any CPU
		{9A0770B5-5D7C-447C-94A5-7073FB01C3BE}.Release|Any CPU.ActiveCfg = Release|Any CPU
		{9A0770B5-5D7C-447C-94A5-7073FB01C3BE}.Release|Any CPU.Build.0 = Release|Any CPU
	EndGlobalSection
EndGlobal
